// !$*UTF8*$!
{
	archiveVersion = 1;
	classes = {
	};
	objectVersion = 56;
	objects = {

/* Begin PBXBuildFile section */
		965697B82BBBE4430086648D /* ass2App.swift in Sources */ = {isa = PBXBuildFile; fileRef = 965697B72BBBE4430086648D /* ass2App.swift */; };
		965697BA2BBBE4430086648D /* ContentView.swift in Sources */ = {isa = PBXBuildFile; fileRef = 965697B92BBBE4430086648D /* ContentView.swift */; };
		965697BC2BBBE4450086648D /* Assets.xcassets in Resources */ = {isa = PBXBuildFile; fileRef = 965697BB2BBBE4450086648D /* Assets.xcassets */; };
		965697BF2BBBE4450086648D /* Preview Assets.xcassets in Resources */ = {isa = PBXBuildFile; fileRef = 965697BE2BBBE4450086648D /* Preview Assets.xcassets */; };
		965697C62BBBE6D70086648D /* SettingsView.swift in Sources */ = {isa = PBXBuildFile; fileRef = 965697C52BBBE6D70086648D /* SettingsView.swift */; };
		965697C82BBCB92A0086648D /* GameView.swift in Sources */ = {isa = PBXBuildFile; fileRef = 965697C72BBCB92A0086648D /* GameView.swift */; };
		968471D72BCE4A07007B1A1E /* BubbleView.swift in Sources */ = {isa = PBXBuildFile; fileRef = 968471D62BCE4A07007B1A1E /* BubbleView.swift */; };
		96E9BCB82BD75448006A4832 /* CountdownView.swift in Sources */ = {isa = PBXBuildFile; fileRef = 96E9BCB72BD75448006A4832 /* CountdownView.swift */; };
		96F9C7B92BD0659000FCEA31 /* Bubble.swift in Sources */ = {isa = PBXBuildFile; fileRef = 96F9C7B82BD0659000FCEA31 /* Bubble.swift */; };
		96F9C7BB2BD065C500FCEA31 /* LeaderboardEntry.swift in Sources */ = {isa = PBXBuildFile; fileRef = 96F9C7BA2BD065C500FCEA31 /* LeaderboardEntry.swift */; };
		96F9C7BD2BD0661200FCEA31 /* GameViewModel.swift in Sources */ = {isa = PBXBuildFile; fileRef = 96F9C7BC2BD0661200FCEA31 /* GameViewModel.swift */; };
		96F9C7BF2BD0661F00FCEA31 /* LeaderboardViewModel.swift in Sources */ = {isa = PBXBuildFile; fileRef = 96F9C7BE2BD0661F00FCEA31 /* LeaderboardViewModel.swift */; };
		96F9C7C12BD0662D00FCEA31 /* SettingsViewModel.swift in Sources */ = {isa = PBXBuildFile; fileRef = 96F9C7C02BD0662D00FCEA31 /* SettingsViewModel.swift */; };
		96FABB252BCF97BD0047B110 /* LeaderboardView.swift in Sources */ = {isa = PBXBuildFile; fileRef = 96FABB242BCF97BD0047B110 /* LeaderboardView.swift */; };
		96FF1AB52BD8C4BD00D611D3 /* high_score_sound.mp3 in Resources */ = {isa = PBXBuildFile; fileRef = 96FF1AB42BD8C4BD00D611D3 /* high_score_sound.mp3 */; };
/* End PBXBuildFile section */

/* Begin PBXFileReference section */
		965697B42BBBE4430086648D /* ass2.app */ = {isa = PBXFileReference; explicitFileType = wrapper.application; includeInIndex = 0; path = ass2.app; sourceTree = BUILT_PRODUCTS_DIR; };
		965697B72BBBE4430086648D /* ass2App.swift */ = {isa = PBXFileReference; lastKnownFileType = sourcecode.swift; path = ass2App.swift; sourceTree = "<group>"; };
		965697B92BBBE4430086648D /* ContentView.swift */ = {isa = PBXFileReference; lastKnownFileType = sourcecode.swift; path = ContentView.swift; sourceTree = "<group>"; };
		965697BB2BBBE4450086648D /* Assets.xcassets */ = {isa = PBXFileReference; lastKnownFileType = folder.assetcatalog; path = Assets.xcassets; sourceTree = "<group>"; };
		965697BE2BBBE4450086648D /* Preview Assets.xcassets */ = {isa = PBXFileReference; lastKnownFileType = folder.assetcatalog; path = "Preview Assets.xcassets"; sourceTree = "<group>"; };
		965697C52BBBE6D70086648D /* SettingsView.swift */ = {isa = PBXFileReference; lastKnownFileType = sourcecode.swift; path = SettingsView.swift; sourceTree = "<group>"; };
		965697C72BBCB92A0086648D /* GameView.swift */ = {isa = PBXFileReference; lastKnownFileType = sourcecode.swift; path = GameView.swift; sourceTree = "<group>"; };
		968471D62BCE4A07007B1A1E /* BubbleView.swift */ = {isa = PBXFileReference; lastKnownFileType = sourcecode.swift; path = BubbleView.swift; sourceTree = "<group>"; };
		96E9BCB72BD75448006A4832 /* CountdownView.swift */ = {isa = PBXFileReference; lastKnownFileType = sourcecode.swift; path = CountdownView.swift; sourceTree = "<group>"; };
		96F9C7B82BD0659000FCEA31 /* Bubble.swift */ = {isa = PBXFileReference; lastKnownFileType = sourcecode.swift; path = Bubble.swift; sourceTree = "<group>"; };
		96F9C7BA2BD065C500FCEA31 /* LeaderboardEntry.swift */ = {isa = PBXFileReference; lastKnownFileType = sourcecode.swift; path = LeaderboardEntry.swift; sourceTree = "<group>"; };
		96F9C7BC2BD0661200FCEA31 /* GameViewModel.swift */ = {isa = PBXFileReference; lastKnownFileType = sourcecode.swift; path = GameViewModel.swift; sourceTree = "<group>"; };
		96F9C7BE2BD0661F00FCEA31 /* LeaderboardViewModel.swift */ = {isa = PBXFileReference; lastKnownFileType = sourcecode.swift; path = LeaderboardViewModel.swift; sourceTree = "<group>"; };
		96F9C7C02BD0662D00FCEA31 /* SettingsViewModel.swift */ = {isa = PBXFileReference; lastKnownFileType = sourcecode.swift; path = SettingsViewModel.swift; sourceTree = "<group>"; };
		96FABB242BCF97BD0047B110 /* LeaderboardView.swift */ = {isa = PBXFileReference; lastKnownFileType = sourcecode.swift; path = LeaderboardView.swift; sourceTree = "<group>"; };
		96FF1AB42BD8C4BD00D611D3 /* high_score_sound.mp3 */ = {isa = PBXFileReference; lastKnownFileType = audio.mp3; path = high_score_sound.mp3; sourceTree = "<group>"; };
/* End PBXFileReference section */

/* Begin PBXFrameworksBuildPhase section */
		965697B12BBBE4430086648D /* Frameworks */ = {
			isa = PBXFrameworksBuildPhase;
			buildActionMask = 2147483647;
			files = (
			);
			runOnlyForDeploymentPostprocessing = 0;
		};
/* End PBXFrameworksBuildPhase section */

/* Begin PBXGroup section */
		965697AB2BBBE4430086648D = {
			isa = PBXGroup;
			children = (
				96FF1AB42BD8C4BD00D611D3 /* high_score_sound.mp3 */,
				965697B62BBBE4430086648D /* ass2 */,
				965697B52BBBE4430086648D /* Products */,
			);
			sourceTree = "<group>";
		};
		965697B52BBBE4430086648D /* Products */ = {
			isa = PBXGroup;
			children = (
				965697B42BBBE4430086648D /* ass2.app */,
			);
			name = Products;
			sourceTree = "<group>";
		};
		965697B62BBBE4430086648D /* ass2 */ = {
			isa = PBXGroup;
			children = (
				965697B72BBBE4430086648D /* ass2App.swift */,
				969164E52BBCCE3B00BBA602 /* Models */,
				965697CB2BBCCDE20086648D /* Views */,
				965697BB2BBBE4450086648D /* Assets.xcassets */,
				965697BD2BBBE4450086648D /* Preview Content */,
			);
			path = ass2;
			sourceTree = "<group>";
		};
		965697BD2BBBE4450086648D /* Preview Content */ = {
			isa = PBXGroup;
			children = (
				965697BE2BBBE4450086648D /* Preview Assets.xcassets */,
			);
			path = "Preview Content";
			sourceTree = "<group>";
		};
		965697CB2BBCCDE20086648D /* Views */ = {
			isa = PBXGroup;
			children = (
				965697B92BBBE4430086648D /* ContentView.swift */,
				96E9BCB72BD75448006A4832 /* CountdownView.swift */,
				965697C72BBCB92A0086648D /* GameView.swift */,
				968471D62BCE4A07007B1A1E /* BubbleView.swift */,
				965697C52BBBE6D70086648D /* SettingsView.swift */,
				96FABB242BCF97BD0047B110 /* LeaderboardView.swift */,
			);
			path = Views;
			sourceTree = "<group>";
		};
		969164E52BBCCE3B00BBA602 /* Models */ = {
			isa = PBXGroup;
			children = (
				96F9C7B82BD0659000FCEA31 /* Bubble.swift */,
				96F9C7BA2BD065C500FCEA31 /* LeaderboardEntry.swift */,
				96F9C7BC2BD0661200FCEA31 /* GameViewModel.swift */,
				96F9C7BE2BD0661F00FCEA31 /* LeaderboardViewModel.swift */,
				96F9C7C02BD0662D00FCEA31 /* SettingsViewModel.swift */,
			);
			path = Models;
			sourceTree = "<group>";
		};
/* End PBXGroup section */

/* Begin PBXNativeTarget section */
		965697B32BBBE4430086648D /* ass2 */ = {
			isa = PBXNativeTarget;
			buildConfigurationList = 965697C22BBBE4450086648D /* Build configuration list for PBXNativeTarget "ass2" */;
			buildPhases = (
				965697B02BBBE4430086648D /* Sources */,
				965697B12BBBE4430086648D /* Frameworks */,
				965697B22BBBE4430086648D /* Resources */,
			);
			buildRules = (
			);
			dependencies = (
			);
			name = ass2;
			productName = ass2;
			productReference = 965697B42BBBE4430086648D /* ass2.app */;
			productType = "com.apple.product-type.application";
		};
/* End PBXNativeTarget section */

/* Begin PBXProject section */
		965697AC2BBBE4430086648D /* Project object */ = {
			isa = PBXProject;
			attributes = {
				BuildIndependentTargetsInParallel = 1;
				LastSwiftUpdateCheck = 1520;
				LastUpgradeCheck = 1520;
				TargetAttributes = {
					965697B32BBBE4430086648D = {
						CreatedOnToolsVersion = 15.2;
					};
				};
			};
			buildConfigurationList = 965697AF2BBBE4430086648D /* Build configuration list for PBXProject "ass2" */;
			compatibilityVersion = "Xcode 14.0";
			developmentRegion = en;
			hasScannedForEncodings = 0;
			knownRegions = (
				en,
				Base,
			);
			mainGroup = 965697AB2BBBE4430086648D;
			productRefGroup = 965697B52BBBE4430086648D /* Products */;
			projectDirPath = "";
			projectRoot = "";
			targets = (
				965697B32BBBE4430086648D /* ass2 */,
			);
		};
/* End PBXProject section */

/* Begin PBXResourcesBuildPhase section */
		965697B22BBBE4430086648D /* Resources */ = {
			isa = PBXResourcesBuildPhase;
			buildActionMask = 2147483647;
			files = (
				96FF1AB52BD8C4BD00D611D3 /* high_score_sound.mp3 in Resources */,
				965697BF2BBBE4450086648D /* Preview Assets.xcassets in Resources */,
				965697BC2BBBE4450086648D /* Assets.xcassets in Resources */,
			);
			runOnlyForDeploymentPostprocessing = 0;
		};
/* End PBXResourcesBuildPhase section */

/* Begin PBXSourcesBuildPhase section */
		965697B02BBBE4430086648D /* Sources */ = {
			isa = PBXSourcesBuildPhase;
			buildActionMask = 2147483647;
			files = (
				96F9C7BD2BD0661200FCEA31 /* GameViewModel.swift in Sources */,
				96F9C7BB2BD065C500FCEA31 /* LeaderboardEntry.swift in Sources */,
				96F9C7BF2BD0661F00FCEA31 /* LeaderboardViewModel.swift in Sources */,
				968471D72BCE4A07007B1A1E /* BubbleView.swift in Sources */,
				965697C62BBBE6D70086648D /* SettingsView.swift in Sources */,
				965697BA2BBBE4430086648D /* ContentView.swift in Sources */,
				96E9BCB82BD75448006A4832 /* CountdownView.swift in Sources */,
				96FABB252BCF97BD0047B110 /* LeaderboardView.swift in Sources */,
				96F9C7B92BD0659000FCEA31 /* Bubble.swift in Sources */,
				96F9C7C12BD0662D00FCEA31 /* SettingsViewModel.swift in Sources */,
				965697C82BBCB92A0086648D /* GameView.swift in Sources */,
				965697B82BBBE4430086648D /* ass2App.swift in Sources */,
			);
			runOnlyForDeploymentPostprocessing = 0;
		};
/* End PBXSourcesBuildPhase section */

/* Begin XCBuildConfiguration section */
		965697C02BBBE4450086648D /* Debug */ = {
			isa = XCBuildConfiguration;
			buildSettings = {
				ALWAYS_SEARCH_USER_PATHS = NO;
				ASSETCATALOG_COMPILER_GENERATE_SWIFT_ASSET_SYMBOL_EXTENSIONS = YES;
				CLANG_ANALYZER_NONNULL = YES;
				CLANG_ANALYZER_NUMBER_OBJECT_CONVERSION = YES_AGGRESSIVE;
				CLANG_CXX_LANGUAGE_STANDARD = "gnu++20";
				CLANG_ENABLE_MODULES = YES;
				CLANG_ENABLE_OBJC_ARC = YES;
				CLANG_ENABLE_OBJC_WEAK = YES;
				CLANG_WARN_BLOCK_CAPTURE_AUTORELEASING = YES;
				CLANG_WARN_BOOL_CONVERSION = YES;
				CLANG_WARN_COMMA = YES;
				CLANG_WARN_CONSTANT_CONVERSION = YES;
				CLANG_WARN_DEPRECATED_OBJC_IMPLEMENTATIONS = YES;
				CLANG_WARN_DIRECT_OBJC_ISA_USAGE = YES_ERROR;
				CLANG_WARN_DOCUMENTATION_COMMENTS = YES;
				CLANG_WARN_EMPTY_BODY = YES;
				CLANG_WARN_ENUM_CONVERSION = YES;
				CLANG_WARN_INFINITE_RECURSION = YES;
				CLANG_WARN_INT_CONVERSION = YES;
				CLANG_WARN_NON_LITERAL_NULL_CONVERSION = YES;
				CLANG_WARN_OBJC_IMPLICIT_RETAIN_SELF = YES;
				CLANG_WARN_OBJC_LITERAL_CONVERSION = YES;
				CLANG_WARN_OBJC_ROOT_CLASS = YES_ERROR;
				CLANG_WARN_QUOTED_INCLUDE_IN_FRAMEWORK_HEADER = YES;
				CLANG_WARN_RANGE_LOOP_ANALYSIS = YES;
				CLANG_WARN_STRICT_PROTOTYPES = YES;
				CLANG_WARN_SUSPICIOUS_MOVE = YES;
				CLANG_WARN_UNGUARDED_AVAILABILITY = YES_AGGRESSIVE;
				CLANG_WARN_UNREACHABLE_CODE = YES;
				CLANG_WARN__DUPLICATE_METHOD_MATCH = YES;
				COPY_PHASE_STRIP = NO;
				DEBUG_INFORMATION_FORMAT = dwarf;
				ENABLE_STRICT_OBJC_MSGSEND = YES;
				ENABLE_TESTABILITY = YES;
				ENABLE_USER_SCRIPT_SANDBOXING = YES;
				GCC_C_LANGUAGE_STANDARD = gnu17;
				GCC_DYNAMIC_NO_PIC = NO;
				GCC_NO_COMMON_BLOCKS = YES;
				GCC_OPTIMIZATION_LEVEL = 0;
				GCC_PREPROCESSOR_DEFINITIONS = (
					"DEBUG=1",
					"$(inherited)",
				);
				GCC_WARN_64_TO_32_BIT_CONVERSION = YES;
				GCC_WARN_ABOUT_RETURN_TYPE = YES_ERROR;
				GCC_WARN_UNDECLARED_SELECTOR = YES;
				GCC_WARN_UNINITIALIZED_AUTOS = YES_AGGRESSIVE;
				GCC_WARN_UNUSED_FUNCTION = YES;
				GCC_WARN_UNUSED_VARIABLE = YES;
				IPHONEOS_DEPLOYMENT_TARGET = 17.2;
				LOCALIZATION_PREFERS_STRING_CATALOGS = YES;
				MTL_ENABLE_DEBUG_INFO = INCLUDE_SOURCE;
				MTL_FAST_MATH = YES;
				ONLY_ACTIVE_ARCH = YES;
				SDKROOT = iphoneos;
				SWIFT_ACTIVE_COMPILATION_CONDITIONS = "DEBUG $(inherited)";
				SWIFT_OPTIMIZATION_LEVEL = "-Onone";
			};
			name = Debug;
		};
		965697C12BBBE4450086648D /* Release */ = {
			isa = XCBuildConfiguration;
			buildSettings = {
				ALWAYS_SEARCH_USER_PATHS = NO;
				ASSETCATALOG_COMPILER_GENERATE_SWIFT_ASSET_SYMBOL_EXTENSIONS = YES;
				CLANG_ANALYZER_NONNULL = YES;
				CLANG_ANALYZER_NUMBER_OBJECT_CONVERSION = YES_AGGRESSIVE;
				CLANG_CXX_LANGUAGE_STANDARD = "gnu++20";
				CLANG_ENABLE_MODULES = YES;
				CLANG_ENABLE_OBJC_ARC = YES;
				CLANG_ENABLE_OBJC_WEAK = YES;
				CLANG_WARN_BLOCK_CAPTURE_AUTORELEASING = YES;
				CLANG_WARN_BOOL_CONVERSION = YES;
				CLANG_WARN_COMMA = YES;
				CLANG_WARN_CONSTANT_CONVERSION = YES;
				CLANG_WARN_DEPRECATED_OBJC_IMPLEMENTATIONS = YES;
				CLANG_WARN_DIRECT_OBJC_ISA_USAGE = YES_ERROR;
				CLANG_WARN_DOCUMENTATION_COMMENTS = YES;
				CLANG_WARN_EMPTY_BODY = YES;
				CLANG_WARN_ENUM_CONVERSION = YES;
				CLANG_WARN_INFINITE_RECURSION = YES;
				CLANG_WARN_INT_CONVERSION = YES;
				CLANG_WARN_NON_LITERAL_NULL_CONVERSION = YES;
				CLANG_WARN_OBJC_IMPLICIT_RETAIN_SELF = YES;
				CLANG_WARN_OBJC_LITERAL_CONVERSION = YES;
				CLANG_WARN_OBJC_ROOT_CLASS = YES_ERROR;
				CLANG_WARN_QUOTED_INCLUDE_IN_FRAMEWORK_HEADER = YES;
				CLANG_WARN_RANGE_LOOP_ANALYSIS = YES;
				CLANG_WARN_STRICT_PROTOTYPES = YES;
				CLANG_WARN_SUSPICIOUS_MOVE = YES;
				CLANG_WARN_UNGUARDED_AVAILABILITY = YES_AGGRESSIVE;
				CLANG_WARN_UNREACHABLE_CODE = YES;
				CLANG_WARN__DUPLICATE_METHOD_MATCH = YES;
				COPY_PHASE_STRIP = NO;
				DEBUG_INFORMATION_FORMAT = "dwarf-with-dsym";
				ENABLE_NS_ASSERTIONS = NO;
				ENABLE_STRICT_OBJC_MSGSEND = YES;
				ENABLE_USER_SCRIPT_SANDBOXING = YES;
				GCC_C_LANGUAGE_STANDARD = gnu17;
				GCC_NO_COMMON_BLOCKS = YES;
				GCC_WARN_64_TO_32_BIT_CONVERSION = YES;
				GCC_WARN_ABOUT_RETURN_TYPE = YES_ERROR;
				GCC_WARN_UNDECLARED_SELECTOR = YES;
				GCC_WARN_UNINITIALIZED_AUTOS = YES_AGGRESSIVE;
				GCC_WARN_UNUSED_FUNCTION = YES;
				GCC_WARN_UNUSED_VARIABLE = YES;
				IPHONEOS_DEPLOYMENT_TARGET = 17.2;
				LOCALIZATION_PREFERS_STRING_CATALOGS = YES;
				MTL_ENABLE_DEBUG_INFO = NO;
				MTL_FAST_MATH = YES;
				SDKROOT = iphoneos;
				SWIFT_COMPILATION_MODE = wholemodule;
				VALIDATE_PRODUCT = YES;
			};
			name = Release;
		};
		965697C32BBBE4450086648D /* Debug */ = {
			isa = XCBuildConfiguration;
			buildSettings = {
				ASSETCATALOG_COMPILER_APPICON_NAME = AppIcon;
				ASSETCATALOG_COMPILER_GLOBAL_ACCENT_COLOR_NAME = AccentColor;
				CODE_SIGN_STYLE = Automatic;
				CURRENT_PROJECT_VERSION = 1;
				DEVELOPMENT_ASSET_PATHS = "\"ass2/Preview Content\"";
				DEVELOPMENT_TEAM = Y5R6K23M4K;
				ENABLE_PREVIEWS = YES;
				GENERATE_INFOPLIST_FILE = YES;
				INFOPLIST_KEY_UIApplicationSceneManifest_Generation = YES;
				INFOPLIST_KEY_UIApplicationSupportsIndirectInputEvents = YES;
				INFOPLIST_KEY_UILaunchScreen_Generation = YES;
				INFOPLIST_KEY_UISupportedInterfaceOrientations_iPad = "UIInterfaceOrientationPortrait UIInterfaceOrientationPortraitUpsideDown UIInterfaceOrientationLandscapeLeft UIInterfaceOrientationLandscapeRight";
				INFOPLIST_KEY_UISupportedInterfaceOrientations_iPhone = "UIInterfaceOrientationPortrait UIInterfaceOrientationLandscapeLeft UIInterfaceOrientationLandscapeRight";
				LD_RUNPATH_SEARCH_PATHS = (
					"$(inherited)",
					"@executable_path/Frameworks",
				);
				MARKETING_VERSION = 1.0;
				PRODUCT_BUNDLE_IDENTIFIER = au.edu.uts.ass2;
				PRODUCT_NAME = "$(TARGET_NAME)";
				SWIFT_EMIT_LOC_STRINGS = YES;
				SWIFT_VERSION = 5.0;
				TARGETED_DEVICE_FAMILY = "1,2";
			};
			name = Debug;
		};
		965697C42BBBE4450086648D /* Release */ = {
			isa = XCBuildConfiguration;
			buildSettings = {
				ASSETCATALOG_COMPILER_APPICON_NAME = AppIcon;
				ASSETCATALOG_COMPILER_GLOBAL_ACCENT_COLOR_NAME = AccentColor;
				CODE_SIGN_STYLE = Automatic;
				CURRENT_PROJECT_VERSION = 1;
				DEVELOPMENT_ASSET_PATHS = "\"ass2/Preview Content\"";
				DEVELOPMENT_TEAM = Y5R6K23M4K;
				ENABLE_PREVIEWS = YES;
				GENERATE_INFOPLIST_FILE = YES;
				INFOPLIST_KEY_UIApplicationSceneManifest_Generation = YES;
				INFOPLIST_KEY_UIApplicationSupportsIndirectInputEvents = YES;
				INFOPLIST_KEY_UILaunchScreen_Generation = YES;
				INFOPLIST_KEY_UISupportedInterfaceOrientations_iPad = "UIInterfaceOrientationPortrait UIInterfaceOrientationPortraitUpsideDown UIInterfaceOrientationLandscapeLeft UIInterfaceOrientationLandscapeRight";
				INFOPLIST_KEY_UISupportedInterfaceOrientations_iPhone = "UIInterfaceOrientationPortrait UIInterfaceOrientationLandscapeLeft UIInterfaceOrientationLandscapeRight";
				LD_RUNPATH_SEARCH_PATHS = (
					"$(inherited)",
					"@executable_path/Frameworks",
				);
				MARKETING_VERSION = 1.0;
				PRODUCT_BUNDLE_IDENTIFIER = au.edu.uts.ass2;
				PRODUCT_NAME = "$(TARGET_NAME)";
				SWIFT_EMIT_LOC_STRINGS = YES;
				SWIFT_VERSION = 5.0;
				TARGETED_DEVICE_FAMILY = "1,2";
			};
			name = Release;
		};
/* End XCBuildConfiguration section */

/* Begin XCConfigurationList section */
		965697AF2BBBE4430086648D /* Build configuration list for PBXProject "ass2" */ = {
			isa = XCConfigurationList;
			buildConfigurations = (
				965697C02BBBE4450086648D /* Debug */,
				965697C12BBBE4450086648D /* Release */,
			);
			defaultConfigurationIsVisible = 0;
			defaultConfigurationName = Release;
		};
		965697C22BBBE4450086648D /* Build configuration list for PBXNativeTarget "ass2" */ = {
			isa = XCConfigurationList;
			buildConfigurations = (
				965697C32BBBE4450086648D /* Debug */,
				965697C42BBBE4450086648D /* Release */,
			);
			defaultConfigurationIsVisible = 0;
			defaultConfigurationName = Release;
		};
/* End XCConfigurationList section */
	};
	rootObject = 965697AC2BBBE4430086648D /* Project object */;
}
